<?xml version="1.0" encoding="utf-8"?>
<Project ToolsVersion="15.0" xmlns="http://schemas.microsoft.com/developer/msbuild/2003">
  <ItemGroup>
    <Filter Include="Common">
      <UniqueIdentifier>0cc2311a-8b5b-4e58-a13b-ee181a97caae</UniqueIdentifier>
    </Filter>
    <Filter Include="Assets">
      <UniqueIdentifier>07d6b00b-008c-4572-b784-3ddf23c1fea7</UniqueIdentifier>
      <Extensions>bmp;fbx;gif;jpg;jpeg;tga;tiff;tif;png</Extensions>
    </Filter>
    <Filter Include="Assembler">
      <UniqueIdentifier>{329a0681-01fb-4205-92a6-4e4bc1a967c4}</UniqueIdentifier>
    </Filter>
    <Filter Include="Helpers">
      <UniqueIdentifier>{86d66346-d77a-4300-954a-6a9ccfa85a7b}</UniqueIdentifier>
    </Filter>
    <Filter Include="Processor">
      <UniqueIdentifier>{8125b6d2-ecda-4ae4-a5c6-a630164515da}</UniqueIdentifier>
    </Filter>
  </ItemGroup>
  <ItemGroup>
    <ApplicationDefinition Include="App.xaml" />
  </ItemGroup>
  <ItemGroup>
    <ClCompile Include="pch.cpp" />
    <ClCompile Include="Transform.cpp">
      <Filter>Assembler</Filter>
    </ClCompile>
    <ClCompile Include="Tokenizer.cpp">
      <Filter>Assembler</Filter>
    </ClCompile>
    <ClCompile Include="Helper.cpp">
      <Filter>Helpers</Filter>
    </ClCompile>
    <ClCompile Include="ProcessorStructure.cpp">
      <Filter>Processor</Filter>
    </ClCompile>
  </ItemGroup>
  <ItemGroup>
    <ClInclude Include="pch.h" />
    <ClInclude Include="Transform.h">
      <Filter>Assembler</Filter>
    </ClInclude>
    <ClInclude Include="Tokenizer.h">
      <Filter>Assembler</Filter>
    </ClInclude>
    <ClInclude Include="Helper.h">
      <Filter>Helpers</Filter>
    </ClInclude>
    <ClInclude Include="ProcessorStructure.h">
      <Filter>Processor</Filter>
    </ClInclude>
  </ItemGroup>
  <ItemGroup>
    <Image Include="Assets\LockScreenLogo.scale-200.png">
      <Filter>Assets</Filter>
    </Image>
    <Image Include="Assets\SplashScreen.scale-200.png">
      <Filter>Assets</Filter>
    </Image>
    <Image Include="Assets\Square150x150Logo.scale-200.png">
      <Filter>Assets</Filter>
    </Image>
    <Image Include="Assets\Square44x44Logo.scale-200.png">
      <Filter>Assets</Filter>
    </Image>
    <Image Include="Assets\Square44x44Logo.targetsize-24_altform-unplated.png">
      <Filter>Assets</Filter>
    </Image>
    <Image Include="Assets\StoreLogo.png">
      <Filter>Assets</Filter>
    </Image>
    <Image Include="Assets\Wide310x150Logo.scale-200.png">
      <Filter>Assets</Filter>
    </Image>
  </ItemGroup>
  <ItemGroup>
    <AppxManifest Include="Package.appxmanifest" />
  </ItemGroup>
  <ItemGroup>
    <Page Include="MainPage.xaml" />
  </ItemGroup>
  <ItemGroup>
    <None Include="packages.config" />
  </ItemGroup>
</Project>